
Microsoft Visual Studio Solution File, Format Version 12.00
# Visual Studio Version 17
VisualStudioVersion = 17.2.32516.85
MinimumVisualStudioVersion = 10.0.40219.1
Project("{FAE04EC0-301F-11D3-BF4B-00C04F79EFBC}") = "scenario-http-proxy-web-api", "scenarios\scenario-http-proxy\src\scenario-http-proxy-web-api\scenario-http-proxy-web-api.csproj", "{B3F4FAD2-C150-4CB2-9477-DC800DF43AFA}"
EndProject
Global
	GlobalSection(SolutionConfigurationPlatforms) = preSolution
		Debug|Any CPU = Debug|Any CPU
		Release|Any CPU = Release|Any CPU
	EndGlobalSection
	GlobalSection(ProjectConfigurationPlatforms) = postSolution
		{B3F4FAD2-C150-4CB2-9477-DC800DF43AFA}.Debug|Any CPU.ActiveCfg = Debug|Any CPU
		{B3F4FAD2-C150-4CB2-9477-DC800DF43AFA}.Debug|Any CPU.Build.0 = Debug|Any CPU
		{B3F4FAD2-C150-4CB2-9477-DC800DF43AFA}.Release|Any CPU.ActiveCfg = Release|Any CPU
		{B3F4FAD2-C150-4CB2-9477-DC800DF43AFA}.Release|Any CPU.Build.0 = Release|Any CPU
	EndGlobalSection
	GlobalSection(SolutionProperties) = preSolution
		HideSolutionNode = FALSE
	EndGlobalSection
	GlobalSection(ExtensibilityGlobals) = postSolution
		SolutionGuid = {FFF1939F-F2D6-4041-9821-312AE3CC8B10}
	EndGlobalSection
EndGlobal
